// !$*UTF8*$!
{
	archiveVersion = 1;
	classes = {
	};
	objectVersion = 56;
	objects = {

/* Begin PBXBuildFile section */
		832298EC2AFEED2D00F3DF85 /* HistorialItemCell.xib in Resources */ = {isa = PBXBuildFile; fileRef = 832298EB2AFEED2D00F3DF85 /* HistorialItemCell.xib */; };
		83582AD92AF1A901006E57A8 /* AppDelegate.swift in Sources */ = {isa = PBXBuildFile; fileRef = 83582AD82AF1A901006E57A8 /* AppDelegate.swift */; };
		83582ADB2AF1A901006E57A8 /* SceneDelegate.swift in Sources */ = {isa = PBXBuildFile; fileRef = 83582ADA2AF1A901006E57A8 /* SceneDelegate.swift */; };
		83582ADD2AF1A901006E57A8 /* ViewController.swift in Sources */ = {isa = PBXBuildFile; fileRef = 83582ADC2AF1A901006E57A8 /* ViewController.swift */; };
		83582AE02AF1A901006E57A8 /* Main.storyboard in Resources */ = {isa = PBXBuildFile; fileRef = 83582ADE2AF1A901006E57A8 /* Main.storyboard */; };
		83582AE22AF1A902006E57A8 /* Assets.xcassets in Resources */ = {isa = PBXBuildFile; fileRef = 83582AE12AF1A902006E57A8 /* Assets.xcassets */; };
		83582AE52AF1A902006E57A8 /* LaunchScreen.storyboard in Resources */ = {isa = PBXBuildFile; fileRef = 83582AE32AF1A902006E57A8 /* LaunchScreen.storyboard */; };
		83582AF02AF1A903006E57A8 /* PueblaReeciclaTests.swift in Sources */ = {isa = PBXBuildFile; fileRef = 83582AEF2AF1A903006E57A8 /* PueblaReeciclaTests.swift */; };
		83582AFA2AF1A903006E57A8 /* PueblaReeciclaUITests.swift in Sources */ = {isa = PBXBuildFile; fileRef = 83582AF92AF1A903006E57A8 /* PueblaReeciclaUITests.swift */; };
		83582AFC2AF1A903006E57A8 /* PueblaReeciclaUITestsLaunchTests.swift in Sources */ = {isa = PBXBuildFile; fileRef = 83582AFB2AF1A903006E57A8 /* PueblaReeciclaUITestsLaunchTests.swift */; };
		83582B0D2AF2C31A006E57A8 /* testViewController.xib in Resources */ = {isa = PBXBuildFile; fileRef = 83582B0C2AF2C31A006E57A8 /* testViewController.xib */; };
		83582B0F2AF2C332006E57A8 /* testViewController.swift in Sources */ = {isa = PBXBuildFile; fileRef = 83582B0E2AF2C332006E57A8 /* testViewController.swift */; };
		83582B112AF2F5E7006E57A8 /* splashScreenReecicla.png in Resources */ = {isa = PBXBuildFile; fileRef = 83582B102AF2F5E7006E57A8 /* splashScreenReecicla.png */; };
		83943EB62AF565D400E9E258 /* SignUpVC.swift in Sources */ = {isa = PBXBuildFile; fileRef = 83943EB52AF565D400E9E258 /* SignUpVC.swift */; };
		83943EB82AF5A90800E9E258 /* Home.storyboard in Resources */ = {isa = PBXBuildFile; fileRef = 83943EB72AF5A90800E9E258 /* Home.storyboard */; };
		83943EBA2AF5A91600E9E258 /* HomeVC.swift in Sources */ = {isa = PBXBuildFile; fileRef = 83943EB92AF5A91600E9E258 /* HomeVC.swift */; };
		83C1343A2AFEBB66008FBFDB /* HistorialCollectionViewCell.swift in Sources */ = {isa = PBXBuildFile; fileRef = 83C134382AFEBB66008FBFDB /* HistorialCollectionViewCell.swift */; };
		83C1343B2AFEBB66008FBFDB /* HistorialCollectionViewCell.xib in Resources */ = {isa = PBXBuildFile; fileRef = 83C134392AFEBB66008FBFDB /* HistorialCollectionViewCell.xib */; };
		B33858F02AFAD95D00048E56 /* Map.storyboard in Resources */ = {isa = PBXBuildFile; fileRef = B33858EF2AFAD95D00048E56 /* Map.storyboard */; };
		B33858F22AFADB2900048E56 /* MapVC.swift in Sources */ = {isa = PBXBuildFile; fileRef = B33858F12AFADB2900048E56 /* MapVC.swift */; };
		B37D42532AFC1CF5002F7479 /* Recycle.storyboard in Resources */ = {isa = PBXBuildFile; fileRef = B37D42522AFC1CF5002F7479 /* Recycle.storyboard */; };
		B37D42552AFC1DEF002F7479 /* RecycleVC.swift in Sources */ = {isa = PBXBuildFile; fileRef = B37D42542AFC1DEF002F7479 /* RecycleVC.swift */; };
		B37D42572AFC1EE9002F7479 /* Settings.storyboard in Resources */ = {isa = PBXBuildFile; fileRef = B37D42562AFC1EE9002F7479 /* Settings.storyboard */; };
		B37D42592AFC1F76002F7479 /* SettingsVC.swift in Sources */ = {isa = PBXBuildFile; fileRef = B37D42582AFC1F76002F7479 /* SettingsVC.swift */; };
/* End PBXBuildFile section */

/* Begin PBXContainerItemProxy section */
		83582AEC2AF1A903006E57A8 /* PBXContainerItemProxy */ = {
			isa = PBXContainerItemProxy;
			containerPortal = 83582ACD2AF1A901006E57A8 /* Project object */;
			proxyType = 1;
			remoteGlobalIDString = 83582AD42AF1A901006E57A8;
			remoteInfo = PueblaReecicla;
		};
		83582AF62AF1A903006E57A8 /* PBXContainerItemProxy */ = {
			isa = PBXContainerItemProxy;
			containerPortal = 83582ACD2AF1A901006E57A8 /* Project object */;
			proxyType = 1;
			remoteGlobalIDString = 83582AD42AF1A901006E57A8;
			remoteInfo = PueblaReecicla;
		};
/* End PBXContainerItemProxy section */

/* Begin PBXFileReference section */
		832298EB2AFEED2D00F3DF85 /* HistorialItemCell.xib */ = {isa = PBXFileReference; fileEncoding = 4; lastKnownFileType = file.xib; path = HistorialItemCell.xib; sourceTree = "<group>"; };
		83582AD52AF1A901006E57A8 /* PueblaReecicla.app */ = {isa = PBXFileReference; explicitFileType = wrapper.application; includeInIndex = 0; path = PueblaReecicla.app; sourceTree = BUILT_PRODUCTS_DIR; };
		83582AD82AF1A901006E57A8 /* AppDelegate.swift */ = {isa = PBXFileReference; lastKnownFileType = sourcecode.swift; path = AppDelegate.swift; sourceTree = "<group>"; };
		83582ADA2AF1A901006E57A8 /* SceneDelegate.swift */ = {isa = PBXFileReference; lastKnownFileType = sourcecode.swift; path = SceneDelegate.swift; sourceTree = "<group>"; };
		83582ADC2AF1A901006E57A8 /* ViewController.swift */ = {isa = PBXFileReference; lastKnownFileType = sourcecode.swift; path = ViewController.swift; sourceTree = "<group>"; };
		83582ADF2AF1A901006E57A8 /* Base */ = {isa = PBXFileReference; lastKnownFileType = file.storyboard; name = Base; path = Base.lproj/Main.storyboard; sourceTree = "<group>"; };
		83582AE12AF1A902006E57A8 /* Assets.xcassets */ = {isa = PBXFileReference; lastKnownFileType = folder.assetcatalog; path = Assets.xcassets; sourceTree = "<group>"; };
		83582AE42AF1A902006E57A8 /* Base */ = {isa = PBXFileReference; lastKnownFileType = file.storyboard; name = Base; path = Base.lproj/LaunchScreen.storyboard; sourceTree = "<group>"; };
		83582AE62AF1A902006E57A8 /* Info.plist */ = {isa = PBXFileReference; lastKnownFileType = text.plist.xml; path = Info.plist; sourceTree = "<group>"; };
		83582AEB2AF1A903006E57A8 /* PueblaReeciclaTests.xctest */ = {isa = PBXFileReference; explicitFileType = wrapper.cfbundle; includeInIndex = 0; path = PueblaReeciclaTests.xctest; sourceTree = BUILT_PRODUCTS_DIR; };
		83582AEF2AF1A903006E57A8 /* PueblaReeciclaTests.swift */ = {isa = PBXFileReference; lastKnownFileType = sourcecode.swift; path = PueblaReeciclaTests.swift; sourceTree = "<group>"; };
		83582AF52AF1A903006E57A8 /* PueblaReeciclaUITests.xctest */ = {isa = PBXFileReference; explicitFileType = wrapper.cfbundle; includeInIndex = 0; path = PueblaReeciclaUITests.xctest; sourceTree = BUILT_PRODUCTS_DIR; };
		83582AF92AF1A903006E57A8 /* PueblaReeciclaUITests.swift */ = {isa = PBXFileReference; lastKnownFileType = sourcecode.swift; path = PueblaReeciclaUITests.swift; sourceTree = "<group>"; };
		83582AFB2AF1A903006E57A8 /* PueblaReeciclaUITestsLaunchTests.swift */ = {isa = PBXFileReference; lastKnownFileType = sourcecode.swift; path = PueblaReeciclaUITestsLaunchTests.swift; sourceTree = "<group>"; };
		83582B0C2AF2C31A006E57A8 /* testViewController.xib */ = {isa = PBXFileReference; lastKnownFileType = file.xib; path = testViewController.xib; sourceTree = "<group>"; };
		83582B0E2AF2C332006E57A8 /* testViewController.swift */ = {isa = PBXFileReference; lastKnownFileType = sourcecode.swift; path = testViewController.swift; sourceTree = "<group>"; };
		83582B102AF2F5E7006E57A8 /* splashScreenReecicla.png */ = {isa = PBXFileReference; lastKnownFileType = image.png; path = splashScreenReecicla.png; sourceTree = "<group>"; };
		83943EB52AF565D400E9E258 /* SignUpVC.swift */ = {isa = PBXFileReference; lastKnownFileType = sourcecode.swift; path = SignUpVC.swift; sourceTree = "<group>"; };
		83943EB72AF5A90800E9E258 /* Home.storyboard */ = {isa = PBXFileReference; lastKnownFileType = file.storyboard; path = Home.storyboard; sourceTree = "<group>"; };
		83943EB92AF5A91600E9E258 /* HomeVC.swift */ = {isa = PBXFileReference; lastKnownFileType = sourcecode.swift; path = HomeVC.swift; sourceTree = "<group>"; };
		83C134382AFEBB66008FBFDB /* HistorialCollectionViewCell.swift */ = {isa = PBXFileReference; lastKnownFileType = sourcecode.swift; path = HistorialCollectionViewCell.swift; sourceTree = "<group>"; };
		83C134392AFEBB66008FBFDB /* HistorialCollectionViewCell.xib */ = {isa = PBXFileReference; lastKnownFileType = file.xib; path = HistorialCollectionViewCell.xib; sourceTree = "<group>"; };
		B33858EF2AFAD95D00048E56 /* Map.storyboard */ = {isa = PBXFileReference; lastKnownFileType = file.storyboard; path = Map.storyboard; sourceTree = "<group>"; };
		B33858F12AFADB2900048E56 /* MapVC.swift */ = {isa = PBXFileReference; lastKnownFileType = sourcecode.swift; path = MapVC.swift; sourceTree = "<group>"; };
		B37D42522AFC1CF5002F7479 /* Recycle.storyboard */ = {isa = PBXFileReference; lastKnownFileType = file.storyboard; path = Recycle.storyboard; sourceTree = "<group>"; };
		B37D42542AFC1DEF002F7479 /* RecycleVC.swift */ = {isa = PBXFileReference; lastKnownFileType = sourcecode.swift; path = RecycleVC.swift; sourceTree = "<group>"; };
		B37D42562AFC1EE9002F7479 /* Settings.storyboard */ = {isa = PBXFileReference; lastKnownFileType = file.storyboard; path = Settings.storyboard; sourceTree = "<group>"; };
		B37D42582AFC1F76002F7479 /* SettingsVC.swift */ = {isa = PBXFileReference; lastKnownFileType = sourcecode.swift; path = SettingsVC.swift; sourceTree = "<group>"; };
/* End PBXFileReference section */

/* Begin PBXFrameworksBuildPhase section */
		83582AD22AF1A901006E57A8 /* Frameworks */ = {
			isa = PBXFrameworksBuildPhase;
			buildActionMask = 2147483647;
			files = (
			);
			runOnlyForDeploymentPostprocessing = 0;
		};
		83582AE82AF1A903006E57A8 /* Frameworks */ = {
			isa = PBXFrameworksBuildPhase;
			buildActionMask = 2147483647;
			files = (
			);
			runOnlyForDeploymentPostprocessing = 0;
		};
		83582AF22AF1A903006E57A8 /* Frameworks */ = {
			isa = PBXFrameworksBuildPhase;
			buildActionMask = 2147483647;
			files = (
			);
			runOnlyForDeploymentPostprocessing = 0;
		};
/* End PBXFrameworksBuildPhase section */

/* Begin PBXGroup section */
		83582ACC2AF1A901006E57A8 = {
			isa = PBXGroup;
			children = (
				83582AD72AF1A901006E57A8 /* PueblaReecicla */,
				83582AEE2AF1A903006E57A8 /* PueblaReeciclaTests */,
				83582AF82AF1A903006E57A8 /* PueblaReeciclaUITests */,
				83582AD62AF1A901006E57A8 /* Products */,
			);
			sourceTree = "<group>";
		};
		83582AD62AF1A901006E57A8 /* Products */ = {
			isa = PBXGroup;
			children = (
				83582AD52AF1A901006E57A8 /* PueblaReecicla.app */,
				83582AEB2AF1A903006E57A8 /* PueblaReeciclaTests.xctest */,
				83582AF52AF1A903006E57A8 /* PueblaReeciclaUITests.xctest */,
			);
			name = Products;
			sourceTree = "<group>";
		};
		83582AD72AF1A901006E57A8 /* PueblaReecicla */ = {
			isa = PBXGroup;
			children = (
				83582AD82AF1A901006E57A8 /* AppDelegate.swift */,
				83582ADA2AF1A901006E57A8 /* SceneDelegate.swift */,
				83582ADC2AF1A901006E57A8 /* ViewController.swift */,
				83943EB52AF565D400E9E258 /* SignUpVC.swift */,
				83582ADE2AF1A901006E57A8 /* Main.storyboard */,
				83582AE32AF1A902006E57A8 /* LaunchScreen.storyboard */,
				83943EB72AF5A90800E9E258 /* Home.storyboard */,
				83943EB92AF5A91600E9E258 /* HomeVC.swift */,
				B33858EF2AFAD95D00048E56 /* Map.storyboard */,
				B33858F12AFADB2900048E56 /* MapVC.swift */,
				B37D42542AFC1DEF002F7479 /* RecycleVC.swift */,
				B37D42522AFC1CF5002F7479 /* Recycle.storyboard */,
				83C134382AFEBB66008FBFDB /* HistorialCollectionViewCell.swift */,
				83C134392AFEBB66008FBFDB /* HistorialCollectionViewCell.xib */,
				B37D42562AFC1EE9002F7479 /* Settings.storyboard */,
				B37D42582AFC1F76002F7479 /* SettingsVC.swift */,
				83582AE12AF1A902006E57A8 /* Assets.xcassets */,
				83582AE62AF1A902006E57A8 /* Info.plist */,
				83582B0C2AF2C31A006E57A8 /* testViewController.xib */,
				83582B0E2AF2C332006E57A8 /* testViewController.swift */,
				83582B102AF2F5E7006E57A8 /* splashScreenReecicla.png */,
				832298EB2AFEED2D00F3DF85 /* HistorialItemCell.xib */,
			);
			path = PueblaReecicla;
			sourceTree = "<group>";
		};
		83582AEE2AF1A903006E57A8 /* PueblaReeciclaTests */ = {
			isa = PBXGroup;
			children = (
				83582AEF2AF1A903006E57A8 /* PueblaReeciclaTests.swift */,
			);
			path = PueblaReeciclaTests;
			sourceTree = "<group>";
		};
		83582AF82AF1A903006E57A8 /* PueblaReeciclaUITests */ = {
			isa = PBXGroup;
			children = (
				83582AF92AF1A903006E57A8 /* PueblaReeciclaUITests.swift */,
				83582AFB2AF1A903006E57A8 /* PueblaReeciclaUITestsLaunchTests.swift */,
			);
			path = PueblaReeciclaUITests;
			sourceTree = "<group>";
		};
/* End PBXGroup section */

/* Begin PBXNativeTarget section */
		83582AD42AF1A901006E57A8 /* PueblaReecicla */ = {
			isa = PBXNativeTarget;
			buildConfigurationList = 83582AFF2AF1A903006E57A8 /* Build configuration list for PBXNativeTarget "PueblaReecicla" */;
			buildPhases = (
				83582AD12AF1A901006E57A8 /* Sources */,
				83582AD22AF1A901006E57A8 /* Frameworks */,
				83582AD32AF1A901006E57A8 /* Resources */,
			);
			buildRules = (
			);
			dependencies = (
			);
			name = PueblaReecicla;
			productName = PueblaReecicla;
			productReference = 83582AD52AF1A901006E57A8 /* PueblaReecicla.app */;
			productType = "com.apple.product-type.application";
		};
		83582AEA2AF1A903006E57A8 /* PueblaReeciclaTests */ = {
			isa = PBXNativeTarget;
			buildConfigurationList = 83582B022AF1A903006E57A8 /* Build configuration list for PBXNativeTarget "PueblaReeciclaTests" */;
			buildPhases = (
				83582AE72AF1A903006E57A8 /* Sources */,
				83582AE82AF1A903006E57A8 /* Frameworks */,
				83582AE92AF1A903006E57A8 /* Resources */,
			);
			buildRules = (
			);
			dependencies = (
				83582AED2AF1A903006E57A8 /* PBXTargetDependency */,
			);
			name = PueblaReeciclaTests;
			productName = PueblaReeciclaTests;
			productReference = 83582AEB2AF1A903006E57A8 /* PueblaReeciclaTests.xctest */;
			productType = "com.apple.product-type.bundle.unit-test";
		};
		83582AF42AF1A903006E57A8 /* PueblaReeciclaUITests */ = {
			isa = PBXNativeTarget;
			buildConfigurationList = 83582B052AF1A903006E57A8 /* Build configuration list for PBXNativeTarget "PueblaReeciclaUITests" */;
			buildPhases = (
				83582AF12AF1A903006E57A8 /* Sources */,
				83582AF22AF1A903006E57A8 /* Frameworks */,
				83582AF32AF1A903006E57A8 /* Resources */,
			);
			buildRules = (
			);
			dependencies = (
				83582AF72AF1A903006E57A8 /* PBXTargetDependency */,
			);
			name = PueblaReeciclaUITests;
			productName = PueblaReeciclaUITests;
			productReference = 83582AF52AF1A903006E57A8 /* PueblaReeciclaUITests.xctest */;
			productType = "com.apple.product-type.bundle.ui-testing";
		};
/* End PBXNativeTarget section */

/* Begin PBXProject section */
		83582ACD2AF1A901006E57A8 /* Project object */ = {
			isa = PBXProject;
			attributes = {
				BuildIndependentTargetsInParallel = 1;
				LastSwiftUpdateCheck = 1500;
				LastUpgradeCheck = 1500;
				TargetAttributes = {
					83582AD42AF1A901006E57A8 = {
						CreatedOnToolsVersion = 15.0.1;
					};
					83582AEA2AF1A903006E57A8 = {
						CreatedOnToolsVersion = 15.0.1;
						TestTargetID = 83582AD42AF1A901006E57A8;
					};
					83582AF42AF1A903006E57A8 = {
						CreatedOnToolsVersion = 15.0.1;
						TestTargetID = 83582AD42AF1A901006E57A8;
					};
				};
			};
			buildConfigurationList = 83582AD02AF1A901006E57A8 /* Build configuration list for PBXProject "PueblaReecicla" */;
			compatibilityVersion = "Xcode 14.0";
			developmentRegion = en;
			hasScannedForEncodings = 0;
			knownRegions = (
				en,
				Base,
			);
			mainGroup = 83582ACC2AF1A901006E57A8;
			productRefGroup = 83582AD62AF1A901006E57A8 /* Products */;
			projectDirPath = "";
			projectRoot = "";
			targets = (
				83582AD42AF1A901006E57A8 /* PueblaReecicla */,
				83582AEA2AF1A903006E57A8 /* PueblaReeciclaTests */,
				83582AF42AF1A903006E57A8 /* PueblaReeciclaUITests */,
			);
		};
/* End PBXProject section */

/* Begin PBXResourcesBuildPhase section */
		83582AD32AF1A901006E57A8 /* Resources */ = {
			isa = PBXResourcesBuildPhase;
			buildActionMask = 2147483647;
			files = (
				B37D42532AFC1CF5002F7479 /* Recycle.storyboard in Resources */,
				83582AE52AF1A902006E57A8 /* LaunchScreen.storyboard in Resources */,
				B33858F02AFAD95D00048E56 /* Map.storyboard in Resources */,
				83582AE22AF1A902006E57A8 /* Assets.xcassets in Resources */,
				83582AE02AF1A901006E57A8 /* Main.storyboard in Resources */,
				83943EB82AF5A90800E9E258 /* Home.storyboard in Resources */,
				B37D42572AFC1EE9002F7479 /* Settings.storyboard in Resources */,
				83582B112AF2F5E7006E57A8 /* splashScreenReecicla.png in Resources */,
				83582B0D2AF2C31A006E57A8 /* testViewController.xib in Resources */,
				83C1343B2AFEBB66008FBFDB /* HistorialCollectionViewCell.xib in Resources */,
			);
			runOnlyForDeploymentPostprocessing = 0;
		};
		83582AE92AF1A903006E57A8 /* Resources */ = {
			isa = PBXResourcesBuildPhase;
			buildActionMask = 2147483647;
			files = (
			);
			runOnlyForDeploymentPostprocessing = 0;
		};
		83582AF32AF1A903006E57A8 /* Resources */ = {
			isa = PBXResourcesBuildPhase;
			buildActionMask = 2147483647;
			files = (
				832298EC2AFEED2D00F3DF85 /* HistorialItemCell.xib in Resources */,
			);
			runOnlyForDeploymentPostprocessing = 0;
		};
/* End PBXResourcesBuildPhase section */

/* Begin PBXSourcesBuildPhase section */
		83582AD12AF1A901006E57A8 /* Sources */ = {
			isa = PBXSourcesBuildPhase;
			buildActionMask = 2147483647;
			files = (
				83582ADD2AF1A901006E57A8 /* ViewController.swift in Sources */,
				83C1343A2AFEBB66008FBFDB /* HistorialCollectionViewCell.swift in Sources */,
				83582AD92AF1A901006E57A8 /* AppDelegate.swift in Sources */,
				B37D42552AFC1DEF002F7479 /* RecycleVC.swift in Sources */,
				83582ADB2AF1A901006E57A8 /* SceneDelegate.swift in Sources */,
				83943EBA2AF5A91600E9E258 /* HomeVC.swift in Sources */,
				B33858F22AFADB2900048E56 /* MapVC.swift in Sources */,
				83943EB62AF565D400E9E258 /* SignUpVC.swift in Sources */,
				83582B0F2AF2C332006E57A8 /* testViewController.swift in Sources */,
				B37D42592AFC1F76002F7479 /* SettingsVC.swift in Sources */,
			);
			runOnlyForDeploymentPostprocessing = 0;
		};
		83582AE72AF1A903006E57A8 /* Sources */ = {
			isa = PBXSourcesBuildPhase;
			buildActionMask = 2147483647;
			files = (
				83582AF02AF1A903006E57A8 /* PueblaReeciclaTests.swift in Sources */,
			);
			runOnlyForDeploymentPostprocessing = 0;
		};
		83582AF12AF1A903006E57A8 /* Sources */ = {
			isa = PBXSourcesBuildPhase;
			buildActionMask = 2147483647;
			files = (
				83582AFA2AF1A903006E57A8 /* PueblaReeciclaUITests.swift in Sources */,
				83582AFC2AF1A903006E57A8 /* PueblaReeciclaUITestsLaunchTests.swift in Sources */,
			);
			runOnlyForDeploymentPostprocessing = 0;
		};
/* End PBXSourcesBuildPhase section */

/* Begin PBXTargetDependency section */
		83582AED2AF1A903006E57A8 /* PBXTargetDependency */ = {
			isa = PBXTargetDependency;
			target = 83582AD42AF1A901006E57A8 /* PueblaReecicla */;
			targetProxy = 83582AEC2AF1A903006E57A8 /* PBXContainerItemProxy */;
		};
		83582AF72AF1A903006E57A8 /* PBXTargetDependency */ = {
			isa = PBXTargetDependency;
			target = 83582AD42AF1A901006E57A8 /* PueblaReecicla */;
			targetProxy = 83582AF62AF1A903006E57A8 /* PBXContainerItemProxy */;
		};
/* End PBXTargetDependency section */

/* Begin PBXVariantGroup section */
		83582ADE2AF1A901006E57A8 /* Main.storyboard */ = {
			isa = PBXVariantGroup;
			children = (
				83582ADF2AF1A901006E57A8 /* Base */,
			);
			name = Main.storyboard;
			sourceTree = "<group>";
		};
		83582AE32AF1A902006E57A8 /* LaunchScreen.storyboard */ = {
			isa = PBXVariantGroup;
			children = (
				83582AE42AF1A902006E57A8 /* Base */,
			);
			name = LaunchScreen.storyboard;
			sourceTree = "<group>";
		};
/* End PBXVariantGroup section */

/* Begin XCBuildConfiguration section */
		83582AFD2AF1A903006E57A8 /* Debug */ = {
			isa = XCBuildConfiguration;
			buildSettings = {
				ALWAYS_SEARCH_USER_PATHS = NO;
				ASSETCATALOG_COMPILER_GENERATE_SWIFT_ASSET_SYMBOL_EXTENSIONS = YES;
				CLANG_ANALYZER_NONNULL = YES;
				CLANG_ANALYZER_NUMBER_OBJECT_CONVERSION = YES_AGGRESSIVE;
				CLANG_CXX_LANGUAGE_STANDARD = "gnu++20";
				CLANG_ENABLE_MODULES = YES;
				CLANG_ENABLE_OBJC_ARC = YES;
				CLANG_ENABLE_OBJC_WEAK = YES;
				CLANG_WARN_BLOCK_CAPTURE_AUTORELEASING = YES;
				CLANG_WARN_BOOL_CONVERSION = YES;
				CLANG_WARN_COMMA = YES;
				CLANG_WARN_CONSTANT_CONVERSION = YES;
				CLANG_WARN_DEPRECATED_OBJC_IMPLEMENTATIONS = YES;
				CLANG_WARN_DIRECT_OBJC_ISA_USAGE = YES_ERROR;
				CLANG_WARN_DOCUMENTATION_COMMENTS = YES;
				CLANG_WARN_EMPTY_BODY = YES;
				CLANG_WARN_ENUM_CONVERSION = YES;
				CLANG_WARN_INFINITE_RECURSION = YES;
				CLANG_WARN_INT_CONVERSION = YES;
				CLANG_WARN_NON_LITERAL_NULL_CONVERSION = YES;
				CLANG_WARN_OBJC_IMPLICIT_RETAIN_SELF = YES;
				CLANG_WARN_OBJC_LITERAL_CONVERSION = YES;
				CLANG_WARN_OBJC_ROOT_CLASS = YES_ERROR;
				CLANG_WARN_QUOTED_INCLUDE_IN_FRAMEWORK_HEADER = YES;
				CLANG_WARN_RANGE_LOOP_ANALYSIS = YES;
				CLANG_WARN_STRICT_PROTOTYPES = YES;
				CLANG_WARN_SUSPICIOUS_MOVE = YES;
				CLANG_WARN_UNGUARDED_AVAILABILITY = YES_AGGRESSIVE;
				CLANG_WARN_UNREACHABLE_CODE = YES;
				CLANG_WARN__DUPLICATE_METHOD_MATCH = YES;
				COPY_PHASE_STRIP = NO;
				DEBUG_INFORMATION_FORMAT = dwarf;
				ENABLE_STRICT_OBJC_MSGSEND = YES;
				ENABLE_TESTABILITY = YES;
				ENABLE_USER_SCRIPT_SANDBOXING = YES;
				GCC_C_LANGUAGE_STANDARD = gnu17;
				GCC_DYNAMIC_NO_PIC = NO;
				GCC_NO_COMMON_BLOCKS = YES;
				GCC_OPTIMIZATION_LEVEL = 0;
				GCC_PREPROCESSOR_DEFINITIONS = (
					"DEBUG=1",
					"$(inherited)",
				);
				GCC_WARN_64_TO_32_BIT_CONVERSION = YES;
				GCC_WARN_ABOUT_RETURN_TYPE = YES_ERROR;
				GCC_WARN_UNDECLARED_SELECTOR = YES;
				GCC_WARN_UNINITIALIZED_AUTOS = YES_AGGRESSIVE;
				GCC_WARN_UNUSED_FUNCTION = YES;
				GCC_WARN_UNUSED_VARIABLE = YES;
				IPHONEOS_DEPLOYMENT_TARGET = 17.0;
				LOCALIZATION_PREFERS_STRING_CATALOGS = YES;
				MTL_ENABLE_DEBUG_INFO = INCLUDE_SOURCE;
				MTL_FAST_MATH = YES;
				ONLY_ACTIVE_ARCH = YES;
				SDKROOT = iphoneos;
				SWIFT_ACTIVE_COMPILATION_CONDITIONS = "DEBUG $(inherited)";
				SWIFT_OPTIMIZATION_LEVEL = "-Onone";
			};
			name = Debug;
		};
		83582AFE2AF1A903006E57A8 /* Release */ = {
			isa = XCBuildConfiguration;
			buildSettings = {
				ALWAYS_SEARCH_USER_PATHS = NO;
				ASSETCATALOG_COMPILER_GENERATE_SWIFT_ASSET_SYMBOL_EXTENSIONS = YES;
				CLANG_ANALYZER_NONNULL = YES;
				CLANG_ANALYZER_NUMBER_OBJECT_CONVERSION = YES_AGGRESSIVE;
				CLANG_CXX_LANGUAGE_STANDARD = "gnu++20";
				CLANG_ENABLE_MODULES = YES;
				CLANG_ENABLE_OBJC_ARC = YES;
				CLANG_ENABLE_OBJC_WEAK = YES;
				CLANG_WARN_BLOCK_CAPTURE_AUTORELEASING = YES;
				CLANG_WARN_BOOL_CONVERSION = YES;
				CLANG_WARN_COMMA = YES;
				CLANG_WARN_CONSTANT_CONVERSION = YES;
				CLANG_WARN_DEPRECATED_OBJC_IMPLEMENTATIONS = YES;
				CLANG_WARN_DIRECT_OBJC_ISA_USAGE = YES_ERROR;
				CLANG_WARN_DOCUMENTATION_COMMENTS = YES;
				CLANG_WARN_EMPTY_BODY = YES;
				CLANG_WARN_ENUM_CONVERSION = YES;
				CLANG_WARN_INFINITE_RECURSION = YES;
				CLANG_WARN_INT_CONVERSION = YES;
				CLANG_WARN_NON_LITERAL_NULL_CONVERSION = YES;
				CLANG_WARN_OBJC_IMPLICIT_RETAIN_SELF = YES;
				CLANG_WARN_OBJC_LITERAL_CONVERSION = YES;
				CLANG_WARN_OBJC_ROOT_CLASS = YES_ERROR;
				CLANG_WARN_QUOTED_INCLUDE_IN_FRAMEWORK_HEADER = YES;
				CLANG_WARN_RANGE_LOOP_ANALYSIS = YES;
				CLANG_WARN_STRICT_PROTOTYPES = YES;
				CLANG_WARN_SUSPICIOUS_MOVE = YES;
				CLANG_WARN_UNGUARDED_AVAILABILITY = YES_AGGRESSIVE;
				CLANG_WARN_UNREACHABLE_CODE = YES;
				CLANG_WARN__DUPLICATE_METHOD_MATCH = YES;
				COPY_PHASE_STRIP = NO;
				DEBUG_INFORMATION_FORMAT = "dwarf-with-dsym";
				ENABLE_NS_ASSERTIONS = NO;
				ENABLE_STRICT_OBJC_MSGSEND = YES;
				ENABLE_USER_SCRIPT_SANDBOXING = YES;
				GCC_C_LANGUAGE_STANDARD = gnu17;
				GCC_NO_COMMON_BLOCKS = YES;
				GCC_WARN_64_TO_32_BIT_CONVERSION = YES;
				GCC_WARN_ABOUT_RETURN_TYPE = YES_ERROR;
				GCC_WARN_UNDECLARED_SELECTOR = YES;
				GCC_WARN_UNINITIALIZED_AUTOS = YES_AGGRESSIVE;
				GCC_WARN_UNUSED_FUNCTION = YES;
				GCC_WARN_UNUSED_VARIABLE = YES;
				IPHONEOS_DEPLOYMENT_TARGET = 17.0;
				LOCALIZATION_PREFERS_STRING_CATALOGS = YES;
				MTL_ENABLE_DEBUG_INFO = NO;
				MTL_FAST_MATH = YES;
				SDKROOT = iphoneos;
				SWIFT_COMPILATION_MODE = wholemodule;
				VALIDATE_PRODUCT = YES;
			};
			name = Release;
		};
		83582B002AF1A903006E57A8 /* Debug */ = {
			isa = XCBuildConfiguration;
			buildSettings = {
				ASSETCATALOG_COMPILER_APPICON_NAME = AppIcon;
				ASSETCATALOG_COMPILER_GLOBAL_ACCENT_COLOR_NAME = AccentColor;
				ASSETCATALOG_COMPILER_INCLUDE_ALL_APPICON_ASSETS = YES;
				CODE_SIGN_STYLE = Automatic;
				CURRENT_PROJECT_VERSION = 1;
				DEVELOPMENT_TEAM = MTTJ5XQH2Q;
				GENERATE_INFOPLIST_FILE = YES;
				INFOPLIST_FILE = PueblaReecicla/Info.plist;
				INFOPLIST_KEY_CFBundleDisplayName = "Reecicla App";
				INFOPLIST_KEY_UIApplicationSupportsIndirectInputEvents = YES;
				INFOPLIST_KEY_UILaunchStoryboardName = LaunchScreen.storyboard;
				INFOPLIST_KEY_UIMainStoryboardFile = Main;
				INFOPLIST_KEY_UIRequiresFullScreen = YES;
				INFOPLIST_KEY_UISupportedInterfaceOrientations = UIInterfaceOrientationPortrait;
				IPHONEOS_DEPLOYMENT_TARGET = 16.0;
				LD_RUNPATH_SEARCH_PATHS = (
					"$(inherited)",
					"@executable_path/Frameworks",
				);
				MARKETING_VERSION = 1.0;
				PRODUCT_BUNDLE_IDENTIFIER = mx.tec.a01736279.PueblaReecicla;
				PRODUCT_NAME = "$(TARGET_NAME)";
				SWIFT_EMIT_LOC_STRINGS = YES;
				SWIFT_VERSION = 5.0;
				TARGETED_DEVICE_FAMILY = "1,2";
			};
			name = Debug;
		};
		83582B012AF1A903006E57A8 /* Release */ = {
			isa = XCBuildConfiguration;
			buildSettings = {
				ASSETCATALOG_COMPILER_APPICON_NAME = AppIcon;
				ASSETCATALOG_COMPILER_GLOBAL_ACCENT_COLOR_NAME = AccentColor;
				ASSETCATALOG_COMPILER_INCLUDE_ALL_APPICON_ASSETS = YES;
				CODE_SIGN_STYLE = Automatic;
				CURRENT_PROJECT_VERSION = 1;
				DEVELOPMENT_TEAM = MTTJ5XQH2Q;
				GENERATE_INFOPLIST_FILE = YES;
				INFOPLIST_FILE = PueblaReecicla/Info.plist;
				INFOPLIST_KEY_CFBundleDisplayName = "Reecicla App";
				INFOPLIST_KEY_UIApplicationSupportsIndirectInputEvents = YES;
				INFOPLIST_KEY_UILaunchStoryboardName = LaunchScreen.storyboard;
				INFOPLIST_KEY_UIMainStoryboardFile = Main;
				INFOPLIST_KEY_UIRequiresFullScreen = YES;
				INFOPLIST_KEY_UISupportedInterfaceOrientations = UIInterfaceOrientationPortrait;
				IPHONEOS_DEPLOYMENT_TARGET = 16.0;
				LD_RUNPATH_SEARCH_PATHS = (
					"$(inherited)",
					"@executable_path/Frameworks",
				);
				MARKETING_VERSION = 1.0;
				PRODUCT_BUNDLE_IDENTIFIER = mx.tec.a01736279.PueblaReecicla;
				PRODUCT_NAME = "$(TARGET_NAME)";
				SWIFT_EMIT_LOC_STRINGS = YES;
				SWIFT_VERSION = 5.0;
				TARGETED_DEVICE_FAMILY = "1,2";
			};
			name = Release;
		};
		83582B032AF1A903006E57A8 /* Debug */ = {
			isa = XCBuildConfiguration;
			buildSettings = {
				ALWAYS_EMBED_SWIFT_STANDARD_LIBRARIES = YES;
				BUNDLE_LOADER = "$(TEST_HOST)";
				CODE_SIGN_STYLE = Automatic;
				CURRENT_PROJECT_VERSION = 1;
				GENERATE_INFOPLIST_FILE = YES;
				IPHONEOS_DEPLOYMENT_TARGET = 17.0;
				MARKETING_VERSION = 1.0;
				PRODUCT_BUNDLE_IDENTIFIER = mx.tec.a01736279.PueblaReeciclaTests;
				PRODUCT_NAME = "$(TARGET_NAME)";
				SWIFT_EMIT_LOC_STRINGS = NO;
				SWIFT_VERSION = 5.0;
				TARGETED_DEVICE_FAMILY = "1,2";
				TEST_HOST = "$(BUILT_PRODUCTS_DIR)/PueblaReecicla.app/$(BUNDLE_EXECUTABLE_FOLDER_PATH)/PueblaReecicla";
			};
			name = Debug;
		};
		83582B042AF1A903006E57A8 /* Release */ = {
			isa = XCBuildConfiguration;
			buildSettings = {
				ALWAYS_EMBED_SWIFT_STANDARD_LIBRARIES = YES;
				BUNDLE_LOADER = "$(TEST_HOST)";
				CODE_SIGN_STYLE = Automatic;
				CURRENT_PROJECT_VERSION = 1;
				GENERATE_INFOPLIST_FILE = YES;
				IPHONEOS_DEPLOYMENT_TARGET = 17.0;
				MARKETING_VERSION = 1.0;
				PRODUCT_BUNDLE_IDENTIFIER = mx.tec.a01736279.PueblaReeciclaTests;
				PRODUCT_NAME = "$(TARGET_NAME)";
				SWIFT_EMIT_LOC_STRINGS = NO;
				SWIFT_VERSION = 5.0;
				TARGETED_DEVICE_FAMILY = "1,2";
				TEST_HOST = "$(BUILT_PRODUCTS_DIR)/PueblaReecicla.app/$(BUNDLE_EXECUTABLE_FOLDER_PATH)/PueblaReecicla";
			};
			name = Release;
		};
		83582B062AF1A903006E57A8 /* Debug */ = {
			isa = XCBuildConfiguration;
			buildSettings = {
				ALWAYS_EMBED_SWIFT_STANDARD_LIBRARIES = YES;
				CODE_SIGN_STYLE = Automatic;
				CURRENT_PROJECT_VERSION = 1;
				GENERATE_INFOPLIST_FILE = YES;
				MARKETING_VERSION = 1.0;
				PRODUCT_BUNDLE_IDENTIFIER = mx.tec.a01736279.PueblaReeciclaUITests;
				PRODUCT_NAME = "$(TARGET_NAME)";
				SWIFT_EMIT_LOC_STRINGS = NO;
				SWIFT_VERSION = 5.0;
				TARGETED_DEVICE_FAMILY = "1,2";
				TEST_TARGET_NAME = PueblaReecicla;
			};
			name = Debug;
		};
		83582B072AF1A903006E57A8 /* Release */ = {
			isa = XCBuildConfiguration;
			buildSettings = {
				ALWAYS_EMBED_SWIFT_STANDARD_LIBRARIES = YES;
				CODE_SIGN_STYLE = Automatic;
				CURRENT_PROJECT_VERSION = 1;
				GENERATE_INFOPLIST_FILE = YES;
				MARKETING_VERSION = 1.0;
				PRODUCT_BUNDLE_IDENTIFIER = mx.tec.a01736279.PueblaReeciclaUITests;
				PRODUCT_NAME = "$(TARGET_NAME)";
				SWIFT_EMIT_LOC_STRINGS = NO;
				SWIFT_VERSION = 5.0;
				TARGETED_DEVICE_FAMILY = "1,2";
				TEST_TARGET_NAME = PueblaReecicla;
			};
			name = Release;
		};
/* End XCBuildConfiguration section */

/* Begin XCConfigurationList section */
		83582AD02AF1A901006E57A8 /* Build configuration list for PBXProject "PueblaReecicla" */ = {
			isa = XCConfigurationList;
			buildConfigurations = (
				83582AFD2AF1A903006E57A8 /* Debug */,
				83582AFE2AF1A903006E57A8 /* Release */,
			);
			defaultConfigurationIsVisible = 0;
			defaultConfigurationName = Release;
		};
		83582AFF2AF1A903006E57A8 /* Build configuration list for PBXNativeTarget "PueblaReecicla" */ = {
			isa = XCConfigurationList;
			buildConfigurations = (
				83582B002AF1A903006E57A8 /* Debug */,
				83582B012AF1A903006E57A8 /* Release */,
			);
			defaultConfigurationIsVisible = 0;
			defaultConfigurationName = Release;
		};
		83582B022AF1A903006E57A8 /* Build configuration list for PBXNativeTarget "PueblaReeciclaTests" */ = {
			isa = XCConfigurationList;
			buildConfigurations = (
				83582B032AF1A903006E57A8 /* Debug */,
				83582B042AF1A903006E57A8 /* Release */,
			);
			defaultConfigurationIsVisible = 0;
			defaultConfigurationName = Release;
		};
		83582B052AF1A903006E57A8 /* Build configuration list for PBXNativeTarget "PueblaReeciclaUITests" */ = {
			isa = XCConfigurationList;
			buildConfigurations = (
				83582B062AF1A903006E57A8 /* Debug */,
				83582B072AF1A903006E57A8 /* Release */,
			);
			defaultConfigurationIsVisible = 0;
			defaultConfigurationName = Release;
		};
/* End XCConfigurationList section */
	};
	rootObject = 83582ACD2AF1A901006E57A8 /* Project object */;
}
